
Microsoft Visual Studio Solution File, Format Version 12.00
# Visual Studio Version 17
VisualStudioVersion = 17.1.32328.378
MinimumVisualStudioVersion = 10.0.40219.1
Project("{FAE04EC0-301F-11D3-BF4B-00C04F79EFBC}") = "Shush", "Shush.csproj", "{FE0EB18F-3184-406A-B45B-B5340F42803A}"
EndProject
Global
	GlobalSection(SolutionConfigurationPlatforms) = preSolution
		Debug|Any CPU = Debug|Any CPU
		Release|Any CPU = Release|Any CPU
	EndGlobalSection
	GlobalSection(ProjectConfigurationPlatforms) = postSolution
		{FE0EB18F-3184-406A-B45B-B5340F42803A}.Debug|Any CPU.ActiveCfg = Debug|Any CPU
		{FE0EB18F-3184-406A-B45B-B5340F42803A}.Debug|Any CPU.Build.0 = Debug|Any CPU
		{FE0EB18F-3184-406A-B45B-B5340F42803A}.Release|Any CPU.ActiveCfg = Release|Any CPU
		{FE0EB18F-3184-406A-B45B-B5340F42803A}.Release|Any CPU.Build.0 = Release|Any CPU
	EndGlobalSection
	GlobalSection(SolutionProperties) = preSolution
		HideSolutionNode = FALSE
	EndGlobalSection
	GlobalSection(ExtensibilityGlobals) = postSolution
		SolutionGuid = {AD332267-3A78-4764-9428-D7709D79C77A}
	EndGlobalSection
EndGlobal
