
Microsoft Visual Studio Solution File, Format Version 12.00
# Visual Studio Version 17
VisualStudioVersion = 17.1.32228.430
MinimumVisualStudioVersion = 10.0.40219.1
Project("{FAE04EC0-301F-11D3-BF4B-00C04F79EFBC}") = "FFF", "FFF.csproj", "{DC083B50-A4F8-49B1-8D07-5C9797EF7978}"
EndProject
Global
	GlobalSection(SolutionConfigurationPlatforms) = preSolution
		Debug|Any CPU = Debug|Any CPU
		Release|Any CPU = Release|Any CPU
	EndGlobalSection
	GlobalSection(ProjectConfigurationPlatforms) = postSolution
		{DC083B50-A4F8-49B1-8D07-5C9797EF7978}.Debug|Any CPU.ActiveCfg = Debug|Any CPU
		{DC083B50-A4F8-49B1-8D07-5C9797EF7978}.Debug|Any CPU.Build.0 = Debug|Any CPU
		{DC083B50-A4F8-49B1-8D07-5C9797EF7978}.Release|Any CPU.ActiveCfg = Release|Any CPU
		{DC083B50-A4F8-49B1-8D07-5C9797EF7978}.Release|Any CPU.Build.0 = Release|Any CPU
	EndGlobalSection
	GlobalSection(SolutionProperties) = preSolution
		HideSolutionNode = FALSE
	EndGlobalSection
	GlobalSection(ExtensibilityGlobals) = postSolution
		SolutionGuid = {90A8C1D6-37C0-49E2-9C43-BE2EA17CC250}
	EndGlobalSection
EndGlobal
