
Microsoft Visual Studio Solution File, Format Version 12.00
# Visual Studio Version 17
VisualStudioVersion = 17.1.32228.430
MinimumVisualStudioVersion = 10.0.40219.1
Project("{FAE04EC0-301F-11D3-BF4B-00C04F79EFBC}") = "la_rapida_rano", "la_rapida_rano.csproj", "{B9827E7B-8E6B-484D-A873-C64A9687A070}"
EndProject
Global
	GlobalSection(SolutionConfigurationPlatforms) = preSolution
		Debug|Any CPU = Debug|Any CPU
		Release|Any CPU = Release|Any CPU
	EndGlobalSection
	GlobalSection(ProjectConfigurationPlatforms) = postSolution
		{B9827E7B-8E6B-484D-A873-C64A9687A070}.Debug|Any CPU.ActiveCfg = Debug|Any CPU
		{B9827E7B-8E6B-484D-A873-C64A9687A070}.Debug|Any CPU.Build.0 = Debug|Any CPU
		{B9827E7B-8E6B-484D-A873-C64A9687A070}.Release|Any CPU.ActiveCfg = Release|Any CPU
		{B9827E7B-8E6B-484D-A873-C64A9687A070}.Release|Any CPU.Build.0 = Release|Any CPU
	EndGlobalSection
	GlobalSection(SolutionProperties) = preSolution
		HideSolutionNode = FALSE
	EndGlobalSection
	GlobalSection(ExtensibilityGlobals) = postSolution
		SolutionGuid = {22EE57F8-ABA3-4FD3-9861-9074B0FD0B43}
	EndGlobalSection
EndGlobal
